
Microsoft Visual Studio Solution File, Format Version 12.00
# Visual Studio Version 17
VisualStudioVersion = 17.14.36518.9 d17.14
MinimumVisualStudioVersion = 10.0.40219.1
Project("{FAE04EC0-301F-11D3-BF4B-00C04F79EFBC}") = "Interpolation", "Interpolation\Interpolation.csproj", "{598CBC6E-A139-4050-94E5-A6A90BD577C9}"
EndProject
Global
	GlobalSection(SolutionConfigurationPlatforms) = preSolution
		Debug|Any CPU = Debug|Any CPU
		Release|Any CPU = Release|Any CPU
	EndGlobalSection
	GlobalSection(ProjectConfigurationPlatforms) = postSolution
		{598CBC6E-A139-4050-94E5-A6A90BD577C9}.Debug|Any CPU.ActiveCfg = Debug|Any CPU
		{598CBC6E-A139-4050-94E5-A6A90BD577C9}.Debug|Any CPU.Build.0 = Debug|Any CPU
		{598CBC6E-A139-4050-94E5-A6A90BD577C9}.Release|Any CPU.ActiveCfg = Release|Any CPU
		{598CBC6E-A139-4050-94E5-A6A90BD577C9}.Release|Any CPU.Build.0 = Release|Any CPU
	EndGlobalSection
	GlobalSection(SolutionProperties) = preSolution
		HideSolutionNode = FALSE
	EndGlobalSection
	GlobalSection(ExtensibilityGlobals) = postSolution
		SolutionGuid = {4833A8DE-E35A-4596-896F-A2447FC481FF}
	EndGlobalSection
EndGlobal
